
Microsoft Visual Studio Solution File, Format Version 12.00
# Visual Studio Version 17
VisualStudioVersion = 17.6.33815.320
MinimumVisualStudioVersion = 10.0.40219.1
Project("{9A19103F-16F7-4668-BE54-9A1E7A4F7556}") = "ShopOnline.Web", "ShopOnline.Web\ShopOnline.Web.csproj", "{94DAE001-8330-4E8F-A1A9-05B388B16DB9}"
EndProject
Project("{9A19103F-16F7-4668-BE54-9A1E7A4F7556}") = "ShopOnline.Api", "ShopOnline.Api\ShopOnline.Api.csproj", "{540F4569-1CB1-4A9E-9D18-9548EB53EBC6}"
EndProject
Project("{9A19103F-16F7-4668-BE54-9A1E7A4F7556}") = "ShopOnline.Models", "ShopOnline.Models\ShopOnline.Models.csproj", "{853B55D8-19BB-4027-A154-C56D15094232}"
EndProject
Global
	GlobalSection(SolutionConfigurationPlatforms) = preSolution
		Debug|Any CPU = Debug|Any CPU
		Release|Any CPU = Release|Any CPU
	EndGlobalSection
	GlobalSection(ProjectConfigurationPlatforms) = postSolution
		{94DAE001-8330-4E8F-A1A9-05B388B16DB9}.Debug|Any CPU.ActiveCfg = Debug|Any CPU
		{94DAE001-8330-4E8F-A1A9-05B388B16DB9}.Debug|Any CPU.Build.0 = Debug|Any CPU
		{94DAE001-8330-4E8F-A1A9-05B388B16DB9}.Release|Any CPU.ActiveCfg = Release|Any CPU
		{94DAE001-8330-4E8F-A1A9-05B388B16DB9}.Release|Any CPU.Build.0 = Release|Any CPU
		{540F4569-1CB1-4A9E-9D18-9548EB53EBC6}.Debug|Any CPU.ActiveCfg = Debug|Any CPU
		{540F4569-1CB1-4A9E-9D18-9548EB53EBC6}.Debug|Any CPU.Build.0 = Debug|Any CPU
		{540F4569-1CB1-4A9E-9D18-9548EB53EBC6}.Release|Any CPU.ActiveCfg = Release|Any CPU
		{540F4569-1CB1-4A9E-9D18-9548EB53EBC6}.Release|Any CPU.Build.0 = Release|Any CPU
		{853B55D8-19BB-4027-A154-C56D15094232}.Debug|Any CPU.ActiveCfg = Debug|Any CPU
		{853B55D8-19BB-4027-A154-C56D15094232}.Debug|Any CPU.Build.0 = Debug|Any CPU
		{853B55D8-19BB-4027-A154-C56D15094232}.Release|Any CPU.ActiveCfg = Release|Any CPU
		{853B55D8-19BB-4027-A154-C56D15094232}.Release|Any CPU.Build.0 = Release|Any CPU
	EndGlobalSection
	GlobalSection(SolutionProperties) = preSolution
		HideSolutionNode = FALSE
	EndGlobalSection
	GlobalSection(ExtensibilityGlobals) = postSolution
		SolutionGuid = {30309B75-EC86-4475-B462-07327384E692}
	EndGlobalSection
EndGlobal
